
Microsoft Visual Studio Solution File, Format Version 12.00
# Visual Studio Version 16
VisualStudioVersion = 16.0.31702.278
MinimumVisualStudioVersion = 10.0.40219.1
Project("{FAE04EC0-301F-11D3-BF4B-00C04F79EFBC}") = "practica071021", "practica071021\practica071021.csproj", "{1442967A-3772-4B85-8DB3-150D56FF1233}"
EndProject
Global
	GlobalSection(SolutionConfigurationPlatforms) = preSolution
		Debug|Any CPU = Debug|Any CPU
		Release|Any CPU = Release|Any CPU
	EndGlobalSection
	GlobalSection(ProjectConfigurationPlatforms) = postSolution
		{1442967A-3772-4B85-8DB3-150D56FF1233}.Debug|Any CPU.ActiveCfg = Debug|Any CPU
		{1442967A-3772-4B85-8DB3-150D56FF1233}.Debug|Any CPU.Build.0 = Debug|Any CPU
		{1442967A-3772-4B85-8DB3-150D56FF1233}.Release|Any CPU.ActiveCfg = Release|Any CPU
		{1442967A-3772-4B85-8DB3-150D56FF1233}.Release|Any CPU.Build.0 = Release|Any CPU
	EndGlobalSection
	GlobalSection(SolutionProperties) = preSolution
		HideSolutionNode = FALSE
	EndGlobalSection
	GlobalSection(ExtensibilityGlobals) = postSolution
		SolutionGuid = {AC5E781D-1ADA-48F4-BE26-620C6D067496}
	EndGlobalSection
EndGlobal
